// !$*UTF8*$!
{
	archiveVersion = 1;
	classes = {
	};
	objectVersion = 55;
	objects = {

/* Begin PBXBuildFile section */
		428CFE43F42732A0BD180B38 /* Pods_banmeshiTests.framework in Frameworks */ = {isa = PBXBuildFile; fileRef = 97CF0376D1E3700EC71C091E /* Pods_banmeshiTests.framework */; };
		61363172257BF0A542C8DC48 /* Pods_banmeshi.framework in Frameworks */ = {isa = PBXBuildFile; fileRef = 2C10ADB904EE09BD479E234C /* Pods_banmeshi.framework */; };
		6FEFA8150200749D90745F8C /* Pods_banmeshi_banmeshiUITests.framework in Frameworks */ = {isa = PBXBuildFile; fileRef = AA7F85E3023A727ADF0C01B3 /* Pods_banmeshi_banmeshiUITests.framework */; };
		C119B9732797A24D00278621 /* NoMenuDataView.xib in Resources */ = {isa = PBXBuildFile; fileRef = C119B9722797A24D00278621 /* NoMenuDataView.xib */; };
		C119B9752797AF1300278621 /* AddPointView.swift in Sources */ = {isa = PBXBuildFile; fileRef = C119B9742797AF1300278621 /* AddPointView.swift */; };
		C119B9772797AF2D00278621 /* AddPointView.xib in Resources */ = {isa = PBXBuildFile; fileRef = C119B9762797AF2D00278621 /* AddPointView.xib */; };
		C11D7EEE277D3A46002B563D /* BaseViewController.swift in Sources */ = {isa = PBXBuildFile; fileRef = C11D7EED277D3A46002B563D /* BaseViewController.swift */; };
		C11D7EF6277D454A002B563D /* MenuDetailViewController.swift in Sources */ = {isa = PBXBuildFile; fileRef = C11D7EF4277D454A002B563D /* MenuDetailViewController.swift */; };
		C11D7EF7277D454A002B563D /* MenuDetailViewController.xib in Resources */ = {isa = PBXBuildFile; fileRef = C11D7EF5277D454A002B563D /* MenuDetailViewController.xib */; };
		C11D7EFC277D49ED002B563D /* MenuDetailTableViewCell.swift in Sources */ = {isa = PBXBuildFile; fileRef = C11D7EFA277D49ED002B563D /* MenuDetailTableViewCell.swift */; };
		C11D7EFD277D49ED002B563D /* MenuDetailTableViewCell.xib in Resources */ = {isa = PBXBuildFile; fileRef = C11D7EFB277D49ED002B563D /* MenuDetailTableViewCell.xib */; };
		C11D7F00277D4EF1002B563D /* AddMenuDetailViewController.swift in Sources */ = {isa = PBXBuildFile; fileRef = C11D7EFE277D4EF1002B563D /* AddMenuDetailViewController.swift */; };
		C11D7F01277D4EF1002B563D /* AddMenuDetailViewController.xib in Resources */ = {isa = PBXBuildFile; fileRef = C11D7EFF277D4EF1002B563D /* AddMenuDetailViewController.xib */; };
		C138B22F278D4BCE004916B4 /* HistoryModel.swift in Sources */ = {isa = PBXBuildFile; fileRef = C138B22E278D4BCE004916B4 /* HistoryModel.swift */; };
		C138B234278E723B004916B4 /* RankTableViewCell.swift in Sources */ = {isa = PBXBuildFile; fileRef = C138B232278E723B004916B4 /* RankTableViewCell.swift */; };
		C138B235278E723B004916B4 /* RankTableViewCell.xib in Resources */ = {isa = PBXBuildFile; fileRef = C138B233278E723B004916B4 /* RankTableViewCell.xib */; };
		C138B238278FBEFA004916B4 /* HistoryTableViewCell.swift in Sources */ = {isa = PBXBuildFile; fileRef = C138B236278FBEFA004916B4 /* HistoryTableViewCell.swift */; };
		C138B239278FBEFA004916B4 /* HistoryTableViewCell.xib in Resources */ = {isa = PBXBuildFile; fileRef = C138B237278FBEFA004916B4 /* HistoryTableViewCell.xib */; };
		C138B23D278FF003004916B4 /* MypageViewController.swift in Sources */ = {isa = PBXBuildFile; fileRef = C138B23C278FF003004916B4 /* MypageViewController.swift */; };
		C138B23F278FF424004916B4 /* CustomButton.swift in Sources */ = {isa = PBXBuildFile; fileRef = C138B23E278FF424004916B4 /* CustomButton.swift */; };
		C138B24127914103004916B4 /* CustomTextField.swift in Sources */ = {isa = PBXBuildFile; fileRef = C138B24027914103004916B4 /* CustomTextField.swift */; };
		C13AB5C0277E9F81005345F4 /* AddMenuDetailTableViewCell.swift in Sources */ = {isa = PBXBuildFile; fileRef = C13AB5BE277E9F81005345F4 /* AddMenuDetailTableViewCell.swift */; };
		C13AB5C1277E9F81005345F4 /* AddMenuDetailTableViewCell.xib in Resources */ = {isa = PBXBuildFile; fileRef = C13AB5BF277E9F81005345F4 /* AddMenuDetailTableViewCell.xib */; };
		C17A4C5E277AF02A007CBE66 /* AppDelegate.swift in Sources */ = {isa = PBXBuildFile; fileRef = C17A4C5D277AF02A007CBE66 /* AppDelegate.swift */; };
		C17A4C60277AF02A007CBE66 /* SceneDelegate.swift in Sources */ = {isa = PBXBuildFile; fileRef = C17A4C5F277AF02A007CBE66 /* SceneDelegate.swift */; };
		C17A4C62277AF02A007CBE66 /* HomeViewController.swift in Sources */ = {isa = PBXBuildFile; fileRef = C17A4C61277AF02A007CBE66 /* HomeViewController.swift */; };
		C17A4C65277AF02A007CBE66 /* Main.storyboard in Resources */ = {isa = PBXBuildFile; fileRef = C17A4C63277AF02A007CBE66 /* Main.storyboard */; };
		C17A4C67277AF02C007CBE66 /* Assets.xcassets in Resources */ = {isa = PBXBuildFile; fileRef = C17A4C66277AF02C007CBE66 /* Assets.xcassets */; };
		C17A4C6A277AF02C007CBE66 /* LaunchScreen.storyboard in Resources */ = {isa = PBXBuildFile; fileRef = C17A4C68277AF02C007CBE66 /* LaunchScreen.storyboard */; };
		C17A4C75277AF02C007CBE66 /* banmeshiTests.swift in Sources */ = {isa = PBXBuildFile; fileRef = C17A4C74277AF02C007CBE66 /* banmeshiTests.swift */; };
		C17A4C7F277AF02C007CBE66 /* banmeshiUITests.swift in Sources */ = {isa = PBXBuildFile; fileRef = C17A4C7E277AF02C007CBE66 /* banmeshiUITests.swift */; };
		C17A4C81277AF02C007CBE66 /* banmeshiUITestsLaunchTests.swift in Sources */ = {isa = PBXBuildFile; fileRef = C17A4C80277AF02C007CBE66 /* banmeshiUITestsLaunchTests.swift */; };
		C17A4E9E277B03C1007CBE66 /* Alert.swift in Sources */ = {isa = PBXBuildFile; fileRef = C17A4E9D277B03C1007CBE66 /* Alert.swift */; };
		C17A4EA1277B0402007CBE66 /* UIViewController+.swift in Sources */ = {isa = PBXBuildFile; fileRef = C17A4EA0277B0402007CBE66 /* UIViewController+.swift */; };
		C17A4EA3277B0433007CBE66 /* UIColor+.swift in Sources */ = {isa = PBXBuildFile; fileRef = C17A4EA2277B0433007CBE66 /* UIColor+.swift */; };
		C17A4EA6277B04EA007CBE66 /* Router.swift in Sources */ = {isa = PBXBuildFile; fileRef = C17A4EA5277B04EA007CBE66 /* Router.swift */; };
		C17A4EAB277B056E007CBE66 /* RouletteViewController.swift in Sources */ = {isa = PBXBuildFile; fileRef = C17A4EAA277B056E007CBE66 /* RouletteViewController.swift */; };
		C17A4EAD277B06DC007CBE66 /* PieChartManager.swift in Sources */ = {isa = PBXBuildFile; fileRef = C17A4EAC277B06DC007CBE66 /* PieChartManager.swift */; };
		C17A4EAF277B0EDD007CBE66 /* MenuViewController.swift in Sources */ = {isa = PBXBuildFile; fileRef = C17A4EAE277B0EDD007CBE66 /* MenuViewController.swift */; };
		C17A4EB1277BE568007CBE66 /* Const.swift in Sources */ = {isa = PBXBuildFile; fileRef = C17A4EB0277BE568007CBE66 /* Const.swift */; };
		C17A4EB7277BF39B007CBE66 /* MenuModel.swift in Sources */ = {isa = PBXBuildFile; fileRef = C17A4EB6277BF39B007CBE66 /* MenuModel.swift */; };
		C18B8EF22783DE4F00D61B08 /* AddIntroductionView.swift in Sources */ = {isa = PBXBuildFile; fileRef = C18B8EF12783DE4F00D61B08 /* AddIntroductionView.swift */; };
		C18B8EF42783DE6000D61B08 /* AddIntroductionView.xib in Resources */ = {isa = PBXBuildFile; fileRef = C18B8EF32783DE6000D61B08 /* AddIntroductionView.xib */; };
		C18B8EFA278446DE00D61B08 /* AddDetailView.swift in Sources */ = {isa = PBXBuildFile; fileRef = C18B8EF9278446DE00D61B08 /* AddDetailView.swift */; };
		C18B8EFC278446E900D61B08 /* AddDetailView.xib in Resources */ = {isa = PBXBuildFile; fileRef = C18B8EFB278446E900D61B08 /* AddDetailView.xib */; };
		C18B8F152785816100D61B08 /* AddPhotoViewController.swift in Sources */ = {isa = PBXBuildFile; fileRef = C18B8F132785816100D61B08 /* AddPhotoViewController.swift */; };
		C18B8F162785816100D61B08 /* AddPhotoViewController.xib in Resources */ = {isa = PBXBuildFile; fileRef = C18B8F142785816100D61B08 /* AddPhotoViewController.xib */; };
		C18B8F222786DD5100D61B08 /* NoMenuDataView.swift in Sources */ = {isa = PBXBuildFile; fileRef = C18B8F212786DD5100D61B08 /* NoMenuDataView.swift */; };
		C18B8F322787D57A00D61B08 /* CycleView.swift in Sources */ = {isa = PBXBuildFile; fileRef = C18B8F312787D57900D61B08 /* CycleView.swift */; };
		C1B800CE277D7E31009B06D0 /* UIImage+.swift in Sources */ = {isa = PBXBuildFile; fileRef = C1B800CD277D7E31009B06D0 /* UIImage+.swift */; };
/* End PBXBuildFile section */

/* Begin PBXContainerItemProxy section */
		C17A4C71277AF02C007CBE66 /* PBXContainerItemProxy */ = {
			isa = PBXContainerItemProxy;
			containerPortal = C17A4C52277AF02A007CBE66 /* Project object */;
			proxyType = 1;
			remoteGlobalIDString = C17A4C59277AF02A007CBE66;
			remoteInfo = banmeshi;
		};
		C17A4C7B277AF02C007CBE66 /* PBXContainerItemProxy */ = {
			isa = PBXContainerItemProxy;
			containerPortal = C17A4C52277AF02A007CBE66 /* Project object */;
			proxyType = 1;
			remoteGlobalIDString = C17A4C59277AF02A007CBE66;
			remoteInfo = banmeshi;
		};
/* End PBXContainerItemProxy section */

/* Begin PBXFileReference section */
		07A28D37A0B00DD70AAA48B1 /* Pods-banmeshi-banmeshiUITests.release.xcconfig */ = {isa = PBXFileReference; includeInIndex = 1; lastKnownFileType = text.xcconfig; name = "Pods-banmeshi-banmeshiUITests.release.xcconfig"; path = "Target Support Files/Pods-banmeshi-banmeshiUITests/Pods-banmeshi-banmeshiUITests.release.xcconfig"; sourceTree = "<group>"; };
		2BEA10A15F325E5E4D682A31 /* Pods-banmeshi-banmeshiUITests.debug.xcconfig */ = {isa = PBXFileReference; includeInIndex = 1; lastKnownFileType = text.xcconfig; name = "Pods-banmeshi-banmeshiUITests.debug.xcconfig"; path = "Target Support Files/Pods-banmeshi-banmeshiUITests/Pods-banmeshi-banmeshiUITests.debug.xcconfig"; sourceTree = "<group>"; };
		2C10ADB904EE09BD479E234C /* Pods_banmeshi.framework */ = {isa = PBXFileReference; explicitFileType = wrapper.framework; includeInIndex = 0; path = Pods_banmeshi.framework; sourceTree = BUILT_PRODUCTS_DIR; };
		3145039E7CA0055CCA50FBF0 /* Pods-banmeshiTests.release.xcconfig */ = {isa = PBXFileReference; includeInIndex = 1; lastKnownFileType = text.xcconfig; name = "Pods-banmeshiTests.release.xcconfig"; path = "Target Support Files/Pods-banmeshiTests/Pods-banmeshiTests.release.xcconfig"; sourceTree = "<group>"; };
		3C76729A4523B26570CDC7CF /* Pods-banmeshi.release.xcconfig */ = {isa = PBXFileReference; includeInIndex = 1; lastKnownFileType = text.xcconfig; name = "Pods-banmeshi.release.xcconfig"; path = "Target Support Files/Pods-banmeshi/Pods-banmeshi.release.xcconfig"; sourceTree = "<group>"; };
		4326062906FF41120095728A /* Pods-banmeshi.debug.xcconfig */ = {isa = PBXFileReference; includeInIndex = 1; lastKnownFileType = text.xcconfig; name = "Pods-banmeshi.debug.xcconfig"; path = "Target Support Files/Pods-banmeshi/Pods-banmeshi.debug.xcconfig"; sourceTree = "<group>"; };
		97CF0376D1E3700EC71C091E /* Pods_banmeshiTests.framework */ = {isa = PBXFileReference; explicitFileType = wrapper.framework; includeInIndex = 0; path = Pods_banmeshiTests.framework; sourceTree = BUILT_PRODUCTS_DIR; };
		AA7F85E3023A727ADF0C01B3 /* Pods_banmeshi_banmeshiUITests.framework */ = {isa = PBXFileReference; explicitFileType = wrapper.framework; includeInIndex = 0; path = Pods_banmeshi_banmeshiUITests.framework; sourceTree = BUILT_PRODUCTS_DIR; };
		AF21760BBB669F74F5A2AE8B /* Pods-banmeshiTests.debug.xcconfig */ = {isa = PBXFileReference; includeInIndex = 1; lastKnownFileType = text.xcconfig; name = "Pods-banmeshiTests.debug.xcconfig"; path = "Target Support Files/Pods-banmeshiTests/Pods-banmeshiTests.debug.xcconfig"; sourceTree = "<group>"; };
		C119B9722797A24D00278621 /* NoMenuDataView.xib */ = {isa = PBXFileReference; fileEncoding = 4; lastKnownFileType = file.xib; path = NoMenuDataView.xib; sourceTree = "<group>"; };
		C119B9742797AF1300278621 /* AddPointView.swift */ = {isa = PBXFileReference; lastKnownFileType = sourcecode.swift; path = AddPointView.swift; sourceTree = "<group>"; };
		C119B9762797AF2D00278621 /* AddPointView.xib */ = {isa = PBXFileReference; lastKnownFileType = file.xib; path = AddPointView.xib; sourceTree = "<group>"; };
		C11D7EED277D3A46002B563D /* BaseViewController.swift */ = {isa = PBXFileReference; lastKnownFileType = sourcecode.swift; path = BaseViewController.swift; sourceTree = "<group>"; };
		C11D7EF4277D454A002B563D /* MenuDetailViewController.swift */ = {isa = PBXFileReference; lastKnownFileType = sourcecode.swift; path = MenuDetailViewController.swift; sourceTree = "<group>"; };
		C11D7EF5277D454A002B563D /* MenuDetailViewController.xib */ = {isa = PBXFileReference; lastKnownFileType = file.xib; path = MenuDetailViewController.xib; sourceTree = "<group>"; };
		C11D7EFA277D49ED002B563D /* MenuDetailTableViewCell.swift */ = {isa = PBXFileReference; lastKnownFileType = sourcecode.swift; path = MenuDetailTableViewCell.swift; sourceTree = "<group>"; };
		C11D7EFB277D49ED002B563D /* MenuDetailTableViewCell.xib */ = {isa = PBXFileReference; lastKnownFileType = file.xib; path = MenuDetailTableViewCell.xib; sourceTree = "<group>"; };
		C11D7EFE277D4EF1002B563D /* AddMenuDetailViewController.swift */ = {isa = PBXFileReference; lastKnownFileType = sourcecode.swift; path = AddMenuDetailViewController.swift; sourceTree = "<group>"; };
		C11D7EFF277D4EF1002B563D /* AddMenuDetailViewController.xib */ = {isa = PBXFileReference; lastKnownFileType = file.xib; path = AddMenuDetailViewController.xib; sourceTree = "<group>"; };
		C138B22E278D4BCE004916B4 /* HistoryModel.swift */ = {isa = PBXFileReference; lastKnownFileType = sourcecode.swift; path = HistoryModel.swift; sourceTree = "<group>"; };
		C138B232278E723B004916B4 /* RankTableViewCell.swift */ = {isa = PBXFileReference; lastKnownFileType = sourcecode.swift; path = RankTableViewCell.swift; sourceTree = "<group>"; };
		C138B233278E723B004916B4 /* RankTableViewCell.xib */ = {isa = PBXFileReference; lastKnownFileType = file.xib; path = RankTableViewCell.xib; sourceTree = "<group>"; };
		C138B236278FBEFA004916B4 /* HistoryTableViewCell.swift */ = {isa = PBXFileReference; lastKnownFileType = sourcecode.swift; path = HistoryTableViewCell.swift; sourceTree = "<group>"; };
		C138B237278FBEFA004916B4 /* HistoryTableViewCell.xib */ = {isa = PBXFileReference; lastKnownFileType = file.xib; path = HistoryTableViewCell.xib; sourceTree = "<group>"; };
		C138B23C278FF003004916B4 /* MypageViewController.swift */ = {isa = PBXFileReference; lastKnownFileType = sourcecode.swift; path = MypageViewController.swift; sourceTree = "<group>"; };
		C138B23E278FF424004916B4 /* CustomButton.swift */ = {isa = PBXFileReference; lastKnownFileType = sourcecode.swift; path = CustomButton.swift; sourceTree = "<group>"; };
		C138B24027914103004916B4 /* CustomTextField.swift */ = {isa = PBXFileReference; lastKnownFileType = sourcecode.swift; path = CustomTextField.swift; sourceTree = "<group>"; };
		C13AB5BE277E9F81005345F4 /* AddMenuDetailTableViewCell.swift */ = {isa = PBXFileReference; lastKnownFileType = sourcecode.swift; path = AddMenuDetailTableViewCell.swift; sourceTree = "<group>"; };
		C13AB5BF277E9F81005345F4 /* AddMenuDetailTableViewCell.xib */ = {isa = PBXFileReference; lastKnownFileType = file.xib; path = AddMenuDetailTableViewCell.xib; sourceTree = "<group>"; };
		C17A4C5A277AF02A007CBE66 /* banmeshi.app */ = {isa = PBXFileReference; explicitFileType = wrapper.application; includeInIndex = 0; path = banmeshi.app; sourceTree = BUILT_PRODUCTS_DIR; };
		C17A4C5D277AF02A007CBE66 /* AppDelegate.swift */ = {isa = PBXFileReference; lastKnownFileType = sourcecode.swift; path = AppDelegate.swift; sourceTree = "<group>"; };
		C17A4C5F277AF02A007CBE66 /* SceneDelegate.swift */ = {isa = PBXFileReference; lastKnownFileType = sourcecode.swift; path = SceneDelegate.swift; sourceTree = "<group>"; };
		C17A4C61277AF02A007CBE66 /* HomeViewController.swift */ = {isa = PBXFileReference; lastKnownFileType = sourcecode.swift; path = HomeViewController.swift; sourceTree = "<group>"; };
		C17A4C64277AF02A007CBE66 /* Base */ = {isa = PBXFileReference; lastKnownFileType = file.storyboard; name = Base; path = Base.lproj/Main.storyboard; sourceTree = "<group>"; };
		C17A4C66277AF02C007CBE66 /* Assets.xcassets */ = {isa = PBXFileReference; lastKnownFileType = folder.assetcatalog; path = Assets.xcassets; sourceTree = "<group>"; };
		C17A4C69277AF02C007CBE66 /* Base */ = {isa = PBXFileReference; lastKnownFileType = file.storyboard; name = Base; path = Base.lproj/LaunchScreen.storyboard; sourceTree = "<group>"; };
		C17A4C6B277AF02C007CBE66 /* Info.plist */ = {isa = PBXFileReference; lastKnownFileType = text.plist.xml; path = Info.plist; sourceTree = "<group>"; };
		C17A4C70277AF02C007CBE66 /* banmeshiTests.xctest */ = {isa = PBXFileReference; explicitFileType = wrapper.cfbundle; includeInIndex = 0; path = banmeshiTests.xctest; sourceTree = BUILT_PRODUCTS_DIR; };
		C17A4C74277AF02C007CBE66 /* banmeshiTests.swift */ = {isa = PBXFileReference; lastKnownFileType = sourcecode.swift; path = banmeshiTests.swift; sourceTree = "<group>"; };
		C17A4C7A277AF02C007CBE66 /* banmeshiUITests.xctest */ = {isa = PBXFileReference; explicitFileType = wrapper.cfbundle; includeInIndex = 0; path = banmeshiUITests.xctest; sourceTree = BUILT_PRODUCTS_DIR; };
		C17A4C7E277AF02C007CBE66 /* banmeshiUITests.swift */ = {isa = PBXFileReference; lastKnownFileType = sourcecode.swift; path = banmeshiUITests.swift; sourceTree = "<group>"; };
		C17A4C80277AF02C007CBE66 /* banmeshiUITestsLaunchTests.swift */ = {isa = PBXFileReference; lastKnownFileType = sourcecode.swift; path = banmeshiUITestsLaunchTests.swift; sourceTree = "<group>"; };
		C17A4E9D277B03C1007CBE66 /* Alert.swift */ = {isa = PBXFileReference; lastKnownFileType = sourcecode.swift; path = Alert.swift; sourceTree = "<group>"; };
		C17A4EA0277B0402007CBE66 /* UIViewController+.swift */ = {isa = PBXFileReference; lastKnownFileType = sourcecode.swift; path = "UIViewController+.swift"; sourceTree = "<group>"; };
		C17A4EA2277B0433007CBE66 /* UIColor+.swift */ = {isa = PBXFileReference; lastKnownFileType = sourcecode.swift; path = "UIColor+.swift"; sourceTree = "<group>"; };
		C17A4EA5277B04EA007CBE66 /* Router.swift */ = {isa = PBXFileReference; lastKnownFileType = sourcecode.swift; path = Router.swift; sourceTree = "<group>"; };
		C17A4EAA277B056E007CBE66 /* RouletteViewController.swift */ = {isa = PBXFileReference; lastKnownFileType = sourcecode.swift; path = RouletteViewController.swift; sourceTree = "<group>"; };
		C17A4EAC277B06DC007CBE66 /* PieChartManager.swift */ = {isa = PBXFileReference; lastKnownFileType = sourcecode.swift; path = PieChartManager.swift; sourceTree = "<group>"; };
		C17A4EAE277B0EDD007CBE66 /* MenuViewController.swift */ = {isa = PBXFileReference; lastKnownFileType = sourcecode.swift; path = MenuViewController.swift; sourceTree = "<group>"; };
		C17A4EB0277BE568007CBE66 /* Const.swift */ = {isa = PBXFileReference; lastKnownFileType = sourcecode.swift; path = Const.swift; sourceTree = "<group>"; };
		C17A4EB6277BF39B007CBE66 /* MenuModel.swift */ = {isa = PBXFileReference; lastKnownFileType = sourcecode.swift; path = MenuModel.swift; sourceTree = "<group>"; };
		C18B8EF12783DE4F00D61B08 /* AddIntroductionView.swift */ = {isa = PBXFileReference; lastKnownFileType = sourcecode.swift; path = AddIntroductionView.swift; sourceTree = "<group>"; };
		C18B8EF32783DE6000D61B08 /* AddIntroductionView.xib */ = {isa = PBXFileReference; lastKnownFileType = file.xib; path = AddIntroductionView.xib; sourceTree = "<group>"; };
		C18B8EF9278446DE00D61B08 /* AddDetailView.swift */ = {isa = PBXFileReference; lastKnownFileType = sourcecode.swift; path = AddDetailView.swift; sourceTree = "<group>"; };
		C18B8EFB278446E900D61B08 /* AddDetailView.xib */ = {isa = PBXFileReference; lastKnownFileType = file.xib; path = AddDetailView.xib; sourceTree = "<group>"; };
		C18B8F132785816100D61B08 /* AddPhotoViewController.swift */ = {isa = PBXFileReference; lastKnownFileType = sourcecode.swift; path = AddPhotoViewController.swift; sourceTree = "<group>"; };
		C18B8F142785816100D61B08 /* AddPhotoViewController.xib */ = {isa = PBXFileReference; lastKnownFileType = file.xib; path = AddPhotoViewController.xib; sourceTree = "<group>"; };
		C18B8F212786DD5100D61B08 /* NoMenuDataView.swift */ = {isa = PBXFileReference; lastKnownFileType = sourcecode.swift; path = NoMenuDataView.swift; sourceTree = "<group>"; };
		C18B8F312787D57900D61B08 /* CycleView.swift */ = {isa = PBXFileReference; fileEncoding = 4; lastKnownFileType = sourcecode.swift; path = CycleView.swift; sourceTree = "<group>"; };
		C1B800CD277D7E31009B06D0 /* UIImage+.swift */ = {isa = PBXFileReference; lastKnownFileType = sourcecode.swift; path = "UIImage+.swift"; sourceTree = "<group>"; };
/* End PBXFileReference section */

/* Begin PBXFrameworksBuildPhase section */
		C17A4C57277AF02A007CBE66 /* Frameworks */ = {
			isa = PBXFrameworksBuildPhase;
			buildActionMask = 2147483647;
			files = (
				61363172257BF0A542C8DC48 /* Pods_banmeshi.framework in Frameworks */,
			);
			runOnlyForDeploymentPostprocessing = 0;
		};
		C17A4C6D277AF02C007CBE66 /* Frameworks */ = {
			isa = PBXFrameworksBuildPhase;
			buildActionMask = 2147483647;
			files = (
				428CFE43F42732A0BD180B38 /* Pods_banmeshiTests.framework in Frameworks */,
			);
			runOnlyForDeploymentPostprocessing = 0;
		};
		C17A4C77277AF02C007CBE66 /* Frameworks */ = {
			isa = PBXFrameworksBuildPhase;
			buildActionMask = 2147483647;
			files = (
				6FEFA8150200749D90745F8C /* Pods_banmeshi_banmeshiUITests.framework in Frameworks */,
			);
			runOnlyForDeploymentPostprocessing = 0;
		};
/* End PBXFrameworksBuildPhase section */

/* Begin PBXGroup section */
		22D6A8D65DE85C9F8909DA82 /* Frameworks */ = {
			isa = PBXGroup;
			children = (
				2C10ADB904EE09BD479E234C /* Pods_banmeshi.framework */,
				AA7F85E3023A727ADF0C01B3 /* Pods_banmeshi_banmeshiUITests.framework */,
				97CF0376D1E3700EC71C091E /* Pods_banmeshiTests.framework */,
			);
			name = Frameworks;
			sourceTree = "<group>";
		};
		B6F28B3F74ACA71CEB003E14 /* Pods */ = {
			isa = PBXGroup;
			children = (
				4326062906FF41120095728A /* Pods-banmeshi.debug.xcconfig */,
				3C76729A4523B26570CDC7CF /* Pods-banmeshi.release.xcconfig */,
				2BEA10A15F325E5E4D682A31 /* Pods-banmeshi-banmeshiUITests.debug.xcconfig */,
				07A28D37A0B00DD70AAA48B1 /* Pods-banmeshi-banmeshiUITests.release.xcconfig */,
				AF21760BBB669F74F5A2AE8B /* Pods-banmeshiTests.debug.xcconfig */,
				3145039E7CA0055CCA50FBF0 /* Pods-banmeshiTests.release.xcconfig */,
			);
			path = Pods;
			sourceTree = "<group>";
		};
		C11D7EF3277D44DB002B563D /* MenuDetail */ = {
			isa = PBXGroup;
			children = (
				C11D7EF4277D454A002B563D /* MenuDetailViewController.swift */,
				C11D7EF5277D454A002B563D /* MenuDetailViewController.xib */,
				C11D7EFE277D4EF1002B563D /* AddMenuDetailViewController.swift */,
				C11D7EFF277D4EF1002B563D /* AddMenuDetailViewController.xib */,
				C18B8F132785816100D61B08 /* AddPhotoViewController.swift */,
				C18B8F142785816100D61B08 /* AddPhotoViewController.xib */,
			);
			path = MenuDetail;
			sourceTree = "<group>";
		};
		C17A4C51277AF02A007CBE66 = {
			isa = PBXGroup;
			children = (
				C17A4C5C277AF02A007CBE66 /* banmeshi */,
				C17A4C73277AF02C007CBE66 /* banmeshiTests */,
				C17A4C7D277AF02C007CBE66 /* banmeshiUITests */,
				C17A4C5B277AF02A007CBE66 /* Products */,
				B6F28B3F74ACA71CEB003E14 /* Pods */,
				22D6A8D65DE85C9F8909DA82 /* Frameworks */,
			);
			sourceTree = "<group>";
		};
		C17A4C5B277AF02A007CBE66 /* Products */ = {
			isa = PBXGroup;
			children = (
				C17A4C5A277AF02A007CBE66 /* banmeshi.app */,
				C17A4C70277AF02C007CBE66 /* banmeshiTests.xctest */,
				C17A4C7A277AF02C007CBE66 /* banmeshiUITests.xctest */,
			);
			name = Products;
			sourceTree = "<group>";
		};
		C17A4C5C277AF02A007CBE66 /* banmeshi */ = {
			isa = PBXGroup;
			children = (
				C17A4C5D277AF02A007CBE66 /* AppDelegate.swift */,
				C17A4C5F277AF02A007CBE66 /* SceneDelegate.swift */,
				C17A4E92277AFE66007CBE66 /* Models */,
				C17A4E90277AFE2C007CBE66 /* Services */,
				C17A4C8D277AFD44007CBE66 /* ViewControllers */,
				C17A4C8E277AFD53007CBE66 /* Views */,
				C17A4EA4277B04E1007CBE66 /* Router */,
				C17A4E9F277B03ED007CBE66 /* Extension */,
				C17A4E8E277AFDCB007CBE66 /* Resources */,
				C17A4E91277AFE3F007CBE66 /* Storyboards */,
				C17A4E93277AFE86007CBE66 /* Utils */,
				C17A4E8F277AFE22007CBE66 /* Supporting Files */,
			);
			path = banmeshi;
			sourceTree = "<group>";
		};
		C17A4C73277AF02C007CBE66 /* banmeshiTests */ = {
			isa = PBXGroup;
			children = (
				C17A4C74277AF02C007CBE66 /* banmeshiTests.swift */,
			);
			path = banmeshiTests;
			sourceTree = "<group>";
		};
		C17A4C7D277AF02C007CBE66 /* banmeshiUITests */ = {
			isa = PBXGroup;
			children = (
				C17A4C7E277AF02C007CBE66 /* banmeshiUITests.swift */,
				C17A4C80277AF02C007CBE66 /* banmeshiUITestsLaunchTests.swift */,
			);
			path = banmeshiUITests;
			sourceTree = "<group>";
		};
		C17A4C8D277AFD44007CBE66 /* ViewControllers */ = {
			isa = PBXGroup;
			children = (
				C11D7EED277D3A46002B563D /* BaseViewController.swift */,
				C17A4C61277AF02A007CBE66 /* HomeViewController.swift */,
				C17A4EAA277B056E007CBE66 /* RouletteViewController.swift */,
				C17A4EAE277B0EDD007CBE66 /* MenuViewController.swift */,
				C138B23C278FF003004916B4 /* MypageViewController.swift */,
				C11D7EF3277D44DB002B563D /* MenuDetail */,
			);
			path = ViewControllers;
			sourceTree = "<group>";
		};
		C17A4C8E277AFD53007CBE66 /* Views */ = {
			isa = PBXGroup;
			children = (
				C18B8EF12783DE4F00D61B08 /* AddIntroductionView.swift */,
				C18B8EF32783DE6000D61B08 /* AddIntroductionView.xib */,
				C18B8EF9278446DE00D61B08 /* AddDetailView.swift */,
				C18B8EFB278446E900D61B08 /* AddDetailView.xib */,
				C119B9742797AF1300278621 /* AddPointView.swift */,
				C119B9762797AF2D00278621 /* AddPointView.xib */,
				C11D7EFA277D49ED002B563D /* MenuDetailTableViewCell.swift */,
				C11D7EFB277D49ED002B563D /* MenuDetailTableViewCell.xib */,
				C13AB5BE277E9F81005345F4 /* AddMenuDetailTableViewCell.swift */,
				C13AB5BF277E9F81005345F4 /* AddMenuDetailTableViewCell.xib */,
				C138B232278E723B004916B4 /* RankTableViewCell.swift */,
				C138B233278E723B004916B4 /* RankTableViewCell.xib */,
				C138B236278FBEFA004916B4 /* HistoryTableViewCell.swift */,
				C138B237278FBEFA004916B4 /* HistoryTableViewCell.xib */,
				C18B8F212786DD5100D61B08 /* NoMenuDataView.swift */,
				C119B9722797A24D00278621 /* NoMenuDataView.xib */,
				C18B8F312787D57900D61B08 /* CycleView.swift */,
			);
			path = Views;
			sourceTree = "<group>";
		};
		C17A4E8E277AFDCB007CBE66 /* Resources */ = {
			isa = PBXGroup;
			children = (
				C17A4C68277AF02C007CBE66 /* LaunchScreen.storyboard */,
				C17A4C66277AF02C007CBE66 /* Assets.xcassets */,
			);
			path = Resources;
			sourceTree = "<group>";
		};
		C17A4E8F277AFE22007CBE66 /* Supporting Files */ = {
			isa = PBXGroup;
			children = (
				C17A4C6B277AF02C007CBE66 /* Info.plist */,
			);
			path = "Supporting Files";
			sourceTree = "<group>";
		};
		C17A4E90277AFE2C007CBE66 /* Services */ = {
			isa = PBXGroup;
			children = (
			);
			path = Services;
			sourceTree = "<group>";
		};
		C17A4E91277AFE3F007CBE66 /* Storyboards */ = {
			isa = PBXGroup;
			children = (
				C17A4C63277AF02A007CBE66 /* Main.storyboard */,
			);
			path = Storyboards;
			sourceTree = "<group>";
		};
		C17A4E92277AFE66007CBE66 /* Models */ = {
			isa = PBXGroup;
			children = (
				C17A4EAC277B06DC007CBE66 /* PieChartManager.swift */,
				C17A4EB6277BF39B007CBE66 /* MenuModel.swift */,
				C138B22E278D4BCE004916B4 /* HistoryModel.swift */,
			);
			path = Models;
			sourceTree = "<group>";
		};
		C17A4E93277AFE86007CBE66 /* Utils */ = {
			isa = PBXGroup;
			children = (
				C17A4E9D277B03C1007CBE66 /* Alert.swift */,
				C17A4EB0277BE568007CBE66 /* Const.swift */,
			);
			path = Utils;
			sourceTree = "<group>";
		};
		C17A4E9F277B03ED007CBE66 /* Extension */ = {
			isa = PBXGroup;
			children = (
				C17A4EA0277B0402007CBE66 /* UIViewController+.swift */,
				C1B800CD277D7E31009B06D0 /* UIImage+.swift */,
				C138B23E278FF424004916B4 /* CustomButton.swift */,
				C138B24027914103004916B4 /* CustomTextField.swift */,
				C17A4EA2277B0433007CBE66 /* UIColor+.swift */,
			);
			path = Extension;
			sourceTree = "<group>";
		};
		C17A4EA4277B04E1007CBE66 /* Router */ = {
			isa = PBXGroup;
			children = (
				C17A4EA5277B04EA007CBE66 /* Router.swift */,
			);
			path = Router;
			sourceTree = "<group>";
		};
/* End PBXGroup section */

/* Begin PBXNativeTarget section */
		C17A4C59277AF02A007CBE66 /* banmeshi */ = {
			isa = PBXNativeTarget;
			buildConfigurationList = C17A4C84277AF02C007CBE66 /* Build configuration list for PBXNativeTarget "banmeshi" */;
			buildPhases = (
				2CD4BF4240950892DC2943F4 /* [CP] Check Pods Manifest.lock */,
				C17A4C56277AF02A007CBE66 /* Sources */,
				C17A4C57277AF02A007CBE66 /* Frameworks */,
				C17A4C58277AF02A007CBE66 /* Resources */,
				C06E28B4E6CDC8722AA48DC5 /* [CP] Embed Pods Frameworks */,
			);
			buildRules = (
			);
			dependencies = (
			);
			name = banmeshi;
			productName = banmeshi;
			productReference = C17A4C5A277AF02A007CBE66 /* banmeshi.app */;
			productType = "com.apple.product-type.application";
		};
		C17A4C6F277AF02C007CBE66 /* banmeshiTests */ = {
			isa = PBXNativeTarget;
			buildConfigurationList = C17A4C87277AF02C007CBE66 /* Build configuration list for PBXNativeTarget "banmeshiTests" */;
			buildPhases = (
				7291AA20A4E884CF32F35DC4 /* [CP] Check Pods Manifest.lock */,
				C17A4C6C277AF02C007CBE66 /* Sources */,
				C17A4C6D277AF02C007CBE66 /* Frameworks */,
				C17A4C6E277AF02C007CBE66 /* Resources */,
			);
			buildRules = (
			);
			dependencies = (
				C17A4C72277AF02C007CBE66 /* PBXTargetDependency */,
			);
			name = banmeshiTests;
			productName = banmeshiTests;
			productReference = C17A4C70277AF02C007CBE66 /* banmeshiTests.xctest */;
			productType = "com.apple.product-type.bundle.unit-test";
		};
		C17A4C79277AF02C007CBE66 /* banmeshiUITests */ = {
			isa = PBXNativeTarget;
			buildConfigurationList = C17A4C8A277AF02C007CBE66 /* Build configuration list for PBXNativeTarget "banmeshiUITests" */;
			buildPhases = (
				4F32B69AA8878497657CCD2E /* [CP] Check Pods Manifest.lock */,
				C17A4C76277AF02C007CBE66 /* Sources */,
				C17A4C77277AF02C007CBE66 /* Frameworks */,
				C17A4C78277AF02C007CBE66 /* Resources */,
				DEC5C8EC7CA78EA7C5E631CA /* [CP] Embed Pods Frameworks */,
			);
			buildRules = (
			);
			dependencies = (
				C17A4C7C277AF02C007CBE66 /* PBXTargetDependency */,
			);
			name = banmeshiUITests;
			productName = banmeshiUITests;
			productReference = C17A4C7A277AF02C007CBE66 /* banmeshiUITests.xctest */;
			productType = "com.apple.product-type.bundle.ui-testing";
		};
/* End PBXNativeTarget section */

/* Begin PBXProject section */
		C17A4C52277AF02A007CBE66 /* Project object */ = {
			isa = PBXProject;
			attributes = {
				BuildIndependentTargetsInParallel = 1;
				LastSwiftUpdateCheck = 1320;
				LastUpgradeCheck = 1320;
				TargetAttributes = {
					C17A4C59277AF02A007CBE66 = {
						CreatedOnToolsVersion = 13.2.1;
					};
					C17A4C6F277AF02C007CBE66 = {
						CreatedOnToolsVersion = 13.2.1;
						TestTargetID = C17A4C59277AF02A007CBE66;
					};
					C17A4C79277AF02C007CBE66 = {
						CreatedOnToolsVersion = 13.2.1;
						TestTargetID = C17A4C59277AF02A007CBE66;
					};
				};
			};
			buildConfigurationList = C17A4C55277AF02A007CBE66 /* Build configuration list for PBXProject "banmeshi" */;
			compatibilityVersion = "Xcode 13.0";
			developmentRegion = en;
			hasScannedForEncodings = 0;
			knownRegions = (
				en,
				Base,
			);
			mainGroup = C17A4C51277AF02A007CBE66;
			productRefGroup = C17A4C5B277AF02A007CBE66 /* Products */;
			projectDirPath = "";
			projectRoot = "";
			targets = (
				C17A4C59277AF02A007CBE66 /* banmeshi */,
				C17A4C6F277AF02C007CBE66 /* banmeshiTests */,
				C17A4C79277AF02C007CBE66 /* banmeshiUITests */,
			);
		};
/* End PBXProject section */

/* Begin PBXResourcesBuildPhase section */
		C17A4C58277AF02A007CBE66 /* Resources */ = {
			isa = PBXResourcesBuildPhase;
			buildActionMask = 2147483647;
			files = (
				C119B9732797A24D00278621 /* NoMenuDataView.xib in Resources */,
				C17A4C6A277AF02C007CBE66 /* LaunchScreen.storyboard in Resources */,
				C138B235278E723B004916B4 /* RankTableViewCell.xib in Resources */,
				C11D7F01277D4EF1002B563D /* AddMenuDetailViewController.xib in Resources */,
				C11D7EF7277D454A002B563D /* MenuDetailViewController.xib in Resources */,
				C13AB5C1277E9F81005345F4 /* AddMenuDetailTableViewCell.xib in Resources */,
				C17A4C67277AF02C007CBE66 /* Assets.xcassets in Resources */,
				C119B9772797AF2D00278621 /* AddPointView.xib in Resources */,
				C17A4C65277AF02A007CBE66 /* Main.storyboard in Resources */,
				C138B239278FBEFA004916B4 /* HistoryTableViewCell.xib in Resources */,
				C11D7EFD277D49ED002B563D /* MenuDetailTableViewCell.xib in Resources */,
				C18B8F162785816100D61B08 /* AddPhotoViewController.xib in Resources */,
				C18B8EF42783DE6000D61B08 /* AddIntroductionView.xib in Resources */,
				C18B8EFC278446E900D61B08 /* AddDetailView.xib in Resources */,
			);
			runOnlyForDeploymentPostprocessing = 0;
		};
		C17A4C6E277AF02C007CBE66 /* Resources */ = {
			isa = PBXResourcesBuildPhase;
			buildActionMask = 2147483647;
			files = (
			);
			runOnlyForDeploymentPostprocessing = 0;
		};
		C17A4C78277AF02C007CBE66 /* Resources */ = {
			isa = PBXResourcesBuildPhase;
			buildActionMask = 2147483647;
			files = (
			);
			runOnlyForDeploymentPostprocessing = 0;
		};
/* End PBXResourcesBuildPhase section */

/* Begin PBXShellScriptBuildPhase section */
		2CD4BF4240950892DC2943F4 /* [CP] Check Pods Manifest.lock */ = {
			isa = PBXShellScriptBuildPhase;
			buildActionMask = 2147483647;
			files = (
			);
			inputFileListPaths = (
			);
			inputPaths = (
				"${PODS_PODFILE_DIR_PATH}/Podfile.lock",
				"${PODS_ROOT}/Manifest.lock",
			);
			name = "[CP] Check Pods Manifest.lock";
			outputFileListPaths = (
			);
			outputPaths = (
				"$(DERIVED_FILE_DIR)/Pods-banmeshi-checkManifestLockResult.txt",
			);
			runOnlyForDeploymentPostprocessing = 0;
			shellPath = /bin/sh;
			shellScript = "diff \"${PODS_PODFILE_DIR_PATH}/Podfile.lock\" \"${PODS_ROOT}/Manifest.lock\" > /dev/null\nif [ $? != 0 ] ; then\n    # print error to STDERR\n    echo \"error: The sandbox is not in sync with the Podfile.lock. Run 'pod install' or update your CocoaPods installation.\" >&2\n    exit 1\nfi\n# This output is used by Xcode 'outputs' to avoid re-running this script phase.\necho \"SUCCESS\" > \"${SCRIPT_OUTPUT_FILE_0}\"\n";
			showEnvVarsInLog = 0;
		};
		4F32B69AA8878497657CCD2E /* [CP] Check Pods Manifest.lock */ = {
			isa = PBXShellScriptBuildPhase;
			buildActionMask = 2147483647;
			files = (
			);
			inputFileListPaths = (
			);
			inputPaths = (
				"${PODS_PODFILE_DIR_PATH}/Podfile.lock",
				"${PODS_ROOT}/Manifest.lock",
			);
			name = "[CP] Check Pods Manifest.lock";
			outputFileListPaths = (
			);
			outputPaths = (
				"$(DERIVED_FILE_DIR)/Pods-banmeshi-banmeshiUITests-checkManifestLockResult.txt",
			);
			runOnlyForDeploymentPostprocessing = 0;
			shellPath = /bin/sh;
			shellScript = "diff \"${PODS_PODFILE_DIR_PATH}/Podfile.lock\" \"${PODS_ROOT}/Manifest.lock\" > /dev/null\nif [ $? != 0 ] ; then\n    # print error to STDERR\n    echo \"error: The sandbox is not in sync with the Podfile.lock. Run 'pod install' or update your CocoaPods installation.\" >&2\n    exit 1\nfi\n# This output is used by Xcode 'outputs' to avoid re-running this script phase.\necho \"SUCCESS\" > \"${SCRIPT_OUTPUT_FILE_0}\"\n";
			showEnvVarsInLog = 0;
		};
		7291AA20A4E884CF32F35DC4 /* [CP] Check Pods Manifest.lock */ = {
			isa = PBXShellScriptBuildPhase;
			buildActionMask = 2147483647;
			files = (
			);
			inputFileListPaths = (
			);
			inputPaths = (
				"${PODS_PODFILE_DIR_PATH}/Podfile.lock",
				"${PODS_ROOT}/Manifest.lock",
			);
			name = "[CP] Check Pods Manifest.lock";
			outputFileListPaths = (
			);
			outputPaths = (
				"$(DERIVED_FILE_DIR)/Pods-banmeshiTests-checkManifestLockResult.txt",
			);
			runOnlyForDeploymentPostprocessing = 0;
			shellPath = /bin/sh;
			shellScript = "diff \"${PODS_PODFILE_DIR_PATH}/Podfile.lock\" \"${PODS_ROOT}/Manifest.lock\" > /dev/null\nif [ $? != 0 ] ; then\n    # print error to STDERR\n    echo \"error: The sandbox is not in sync with the Podfile.lock. Run 'pod install' or update your CocoaPods installation.\" >&2\n    exit 1\nfi\n# This output is used by Xcode 'outputs' to avoid re-running this script phase.\necho \"SUCCESS\" > \"${SCRIPT_OUTPUT_FILE_0}\"\n";
			showEnvVarsInLog = 0;
		};
		C06E28B4E6CDC8722AA48DC5 /* [CP] Embed Pods Frameworks */ = {
			isa = PBXShellScriptBuildPhase;
			buildActionMask = 2147483647;
			files = (
			);
			inputFileListPaths = (
				"${PODS_ROOT}/Target Support Files/Pods-banmeshi/Pods-banmeshi-frameworks-${CONFIGURATION}-input-files.xcfilelist",
			);
			name = "[CP] Embed Pods Frameworks";
			outputFileListPaths = (
				"${PODS_ROOT}/Target Support Files/Pods-banmeshi/Pods-banmeshi-frameworks-${CONFIGURATION}-output-files.xcfilelist",
			);
			runOnlyForDeploymentPostprocessing = 0;
			shellPath = /bin/sh;
			shellScript = "\"${PODS_ROOT}/Target Support Files/Pods-banmeshi/Pods-banmeshi-frameworks.sh\"\n";
			showEnvVarsInLog = 0;
		};
		DEC5C8EC7CA78EA7C5E631CA /* [CP] Embed Pods Frameworks */ = {
			isa = PBXShellScriptBuildPhase;
			buildActionMask = 2147483647;
			files = (
			);
			inputFileListPaths = (
				"${PODS_ROOT}/Target Support Files/Pods-banmeshi-banmeshiUITests/Pods-banmeshi-banmeshiUITests-frameworks-${CONFIGURATION}-input-files.xcfilelist",
			);
			name = "[CP] Embed Pods Frameworks";
			outputFileListPaths = (
				"${PODS_ROOT}/Target Support Files/Pods-banmeshi-banmeshiUITests/Pods-banmeshi-banmeshiUITests-frameworks-${CONFIGURATION}-output-files.xcfilelist",
			);
			runOnlyForDeploymentPostprocessing = 0;
			shellPath = /bin/sh;
			shellScript = "\"${PODS_ROOT}/Target Support Files/Pods-banmeshi-banmeshiUITests/Pods-banmeshi-banmeshiUITests-frameworks.sh\"\n";
			showEnvVarsInLog = 0;
		};
/* End PBXShellScriptBuildPhase section */

/* Begin PBXSourcesBuildPhase section */
		C17A4C56277AF02A007CBE66 /* Sources */ = {
			isa = PBXSourcesBuildPhase;
			buildActionMask = 2147483647;
			files = (
				C11D7EF6277D454A002B563D /* MenuDetailViewController.swift in Sources */,
				C17A4C62277AF02A007CBE66 /* HomeViewController.swift in Sources */,
				C138B238278FBEFA004916B4 /* HistoryTableViewCell.swift in Sources */,
				C17A4EAF277B0EDD007CBE66 /* MenuViewController.swift in Sources */,
				C138B23F278FF424004916B4 /* CustomButton.swift in Sources */,
				C11D7EFC277D49ED002B563D /* MenuDetailTableViewCell.swift in Sources */,
				C17A4C5E277AF02A007CBE66 /* AppDelegate.swift in Sources */,
				C13AB5C0277E9F81005345F4 /* AddMenuDetailTableViewCell.swift in Sources */,
				C17A4EAB277B056E007CBE66 /* RouletteViewController.swift in Sources */,
				C17A4EA1277B0402007CBE66 /* UIViewController+.swift in Sources */,
				C1B800CE277D7E31009B06D0 /* UIImage+.swift in Sources */,
				C11D7EEE277D3A46002B563D /* BaseViewController.swift in Sources */,
				C17A4EA6277B04EA007CBE66 /* Router.swift in Sources */,
				C119B9752797AF1300278621 /* AddPointView.swift in Sources */,
				C17A4EAD277B06DC007CBE66 /* PieChartManager.swift in Sources */,
				C18B8F222786DD5100D61B08 /* NoMenuDataView.swift in Sources */,
				C11D7F00277D4EF1002B563D /* AddMenuDetailViewController.swift in Sources */,
				C17A4E9E277B03C1007CBE66 /* Alert.swift in Sources */,
				C138B22F278D4BCE004916B4 /* HistoryModel.swift in Sources */,
				C17A4C60277AF02A007CBE66 /* SceneDelegate.swift in Sources */,
				C138B23D278FF003004916B4 /* MypageViewController.swift in Sources */,
				C17A4EB7277BF39B007CBE66 /* MenuModel.swift in Sources */,
				C17A4EA3277B0433007CBE66 /* UIColor+.swift in Sources */,
				C18B8F322787D57A00D61B08 /* CycleView.swift in Sources */,
				C18B8EFA278446DE00D61B08 /* AddDetailView.swift in Sources */,
				C18B8EF22783DE4F00D61B08 /* AddIntroductionView.swift in Sources */,
				C138B24127914103004916B4 /* CustomTextField.swift in Sources */,
				C18B8F152785816100D61B08 /* AddPhotoViewController.swift in Sources */,
				C17A4EB1277BE568007CBE66 /* Const.swift in Sources */,
				C138B234278E723B004916B4 /* RankTableViewCell.swift in Sources */,
			);
			runOnlyForDeploymentPostprocessing = 0;
		};
		C17A4C6C277AF02C007CBE66 /* Sources */ = {
			isa = PBXSourcesBuildPhase;
			buildActionMask = 2147483647;
			files = (
				C17A4C75277AF02C007CBE66 /* banmeshiTests.swift in Sources */,
			);
			runOnlyForDeploymentPostprocessing = 0;
		};
		C17A4C76277AF02C007CBE66 /* Sources */ = {
			isa = PBXSourcesBuildPhase;
			buildActionMask = 2147483647;
			files = (
				C17A4C81277AF02C007CBE66 /* banmeshiUITestsLaunchTests.swift in Sources */,
				C17A4C7F277AF02C007CBE66 /* banmeshiUITests.swift in Sources */,
			);
			runOnlyForDeploymentPostprocessing = 0;
		};
/* End PBXSourcesBuildPhase section */

/* Begin PBXTargetDependency section */
		C17A4C72277AF02C007CBE66 /* PBXTargetDependency */ = {
			isa = PBXTargetDependency;
			target = C17A4C59277AF02A007CBE66 /* banmeshi */;
			targetProxy = C17A4C71277AF02C007CBE66 /* PBXContainerItemProxy */;
		};
		C17A4C7C277AF02C007CBE66 /* PBXTargetDependency */ = {
			isa = PBXTargetDependency;
			target = C17A4C59277AF02A007CBE66 /* banmeshi */;
			targetProxy = C17A4C7B277AF02C007CBE66 /* PBXContainerItemProxy */;
		};
/* End PBXTargetDependency section */

/* Begin PBXVariantGroup section */
		C17A4C63277AF02A007CBE66 /* Main.storyboard */ = {
			isa = PBXVariantGroup;
			children = (
				C17A4C64277AF02A007CBE66 /* Base */,
			);
			name = Main.storyboard;
			sourceTree = "<group>";
		};
		C17A4C68277AF02C007CBE66 /* LaunchScreen.storyboard */ = {
			isa = PBXVariantGroup;
			children = (
				C17A4C69277AF02C007CBE66 /* Base */,
			);
			name = LaunchScreen.storyboard;
			sourceTree = "<group>";
		};
/* End PBXVariantGroup section */

/* Begin XCBuildConfiguration section */
		C17A4C82277AF02C007CBE66 /* Debug */ = {
			isa = XCBuildConfiguration;
			buildSettings = {
				ALWAYS_SEARCH_USER_PATHS = NO;
				CLANG_ANALYZER_NONNULL = YES;
				CLANG_ANALYZER_NUMBER_OBJECT_CONVERSION = YES_AGGRESSIVE;
				CLANG_CXX_LANGUAGE_STANDARD = "gnu++17";
				CLANG_CXX_LIBRARY = "libc++";
				CLANG_ENABLE_MODULES = YES;
				CLANG_ENABLE_OBJC_ARC = YES;
				CLANG_ENABLE_OBJC_WEAK = YES;
				CLANG_WARN_BLOCK_CAPTURE_AUTORELEASING = YES;
				CLANG_WARN_BOOL_CONVERSION = YES;
				CLANG_WARN_COMMA = YES;
				CLANG_WARN_CONSTANT_CONVERSION = YES;
				CLANG_WARN_DEPRECATED_OBJC_IMPLEMENTATIONS = YES;
				CLANG_WARN_DIRECT_OBJC_ISA_USAGE = YES_ERROR;
				CLANG_WARN_DOCUMENTATION_COMMENTS = YES;
				CLANG_WARN_EMPTY_BODY = YES;
				CLANG_WARN_ENUM_CONVERSION = YES;
				CLANG_WARN_INFINITE_RECURSION = YES;
				CLANG_WARN_INT_CONVERSION = YES;
				CLANG_WARN_NON_LITERAL_NULL_CONVERSION = YES;
				CLANG_WARN_OBJC_IMPLICIT_RETAIN_SELF = YES;
				CLANG_WARN_OBJC_LITERAL_CONVERSION = YES;
				CLANG_WARN_OBJC_ROOT_CLASS = YES_ERROR;
				CLANG_WARN_QUOTED_INCLUDE_IN_FRAMEWORK_HEADER = YES;
				CLANG_WARN_RANGE_LOOP_ANALYSIS = YES;
				CLANG_WARN_STRICT_PROTOTYPES = YES;
				CLANG_WARN_SUSPICIOUS_MOVE = YES;
				CLANG_WARN_UNGUARDED_AVAILABILITY = YES_AGGRESSIVE;
				CLANG_WARN_UNREACHABLE_CODE = YES;
				CLANG_WARN__DUPLICATE_METHOD_MATCH = YES;
				COPY_PHASE_STRIP = NO;
				DEBUG_INFORMATION_FORMAT = dwarf;
				ENABLE_STRICT_OBJC_MSGSEND = YES;
				ENABLE_TESTABILITY = YES;
				GCC_C_LANGUAGE_STANDARD = gnu11;
				GCC_DYNAMIC_NO_PIC = NO;
				GCC_NO_COMMON_BLOCKS = YES;
				GCC_OPTIMIZATION_LEVEL = 0;
				GCC_PREPROCESSOR_DEFINITIONS = (
					"DEBUG=1",
					"$(inherited)",
				);
				GCC_WARN_64_TO_32_BIT_CONVERSION = YES;
				GCC_WARN_ABOUT_RETURN_TYPE = YES_ERROR;
				GCC_WARN_UNDECLARED_SELECTOR = YES;
				GCC_WARN_UNINITIALIZED_AUTOS = YES_AGGRESSIVE;
				GCC_WARN_UNUSED_FUNCTION = YES;
				GCC_WARN_UNUSED_VARIABLE = YES;
				IPHONEOS_DEPLOYMENT_TARGET = 15.2;
				MTL_ENABLE_DEBUG_INFO = INCLUDE_SOURCE;
				MTL_FAST_MATH = YES;
				ONLY_ACTIVE_ARCH = YES;
				SDKROOT = iphoneos;
				SWIFT_ACTIVE_COMPILATION_CONDITIONS = DEBUG;
				SWIFT_OPTIMIZATION_LEVEL = "-Onone";
			};
			name = Debug;
		};
		C17A4C83277AF02C007CBE66 /* Release */ = {
			isa = XCBuildConfiguration;
			buildSettings = {
				ALWAYS_SEARCH_USER_PATHS = NO;
				CLANG_ANALYZER_NONNULL = YES;
				CLANG_ANALYZER_NUMBER_OBJECT_CONVERSION = YES_AGGRESSIVE;
				CLANG_CXX_LANGUAGE_STANDARD = "gnu++17";
				CLANG_CXX_LIBRARY = "libc++";
				CLANG_ENABLE_MODULES = YES;
				CLANG_ENABLE_OBJC_ARC = YES;
				CLANG_ENABLE_OBJC_WEAK = YES;
				CLANG_WARN_BLOCK_CAPTURE_AUTORELEASING = YES;
				CLANG_WARN_BOOL_CONVERSION = YES;
				CLANG_WARN_COMMA = YES;
				CLANG_WARN_CONSTANT_CONVERSION = YES;
				CLANG_WARN_DEPRECATED_OBJC_IMPLEMENTATIONS = YES;
				CLANG_WARN_DIRECT_OBJC_ISA_USAGE = YES_ERROR;
				CLANG_WARN_DOCUMENTATION_COMMENTS = YES;
				CLANG_WARN_EMPTY_BODY = YES;
				CLANG_WARN_ENUM_CONVERSION = YES;
				CLANG_WARN_INFINITE_RECURSION = YES;
				CLANG_WARN_INT_CONVERSION = YES;
				CLANG_WARN_NON_LITERAL_NULL_CONVERSION = YES;
				CLANG_WARN_OBJC_IMPLICIT_RETAIN_SELF = YES;
				CLANG_WARN_OBJC_LITERAL_CONVERSION = YES;
				CLANG_WARN_OBJC_ROOT_CLASS = YES_ERROR;
				CLANG_WARN_QUOTED_INCLUDE_IN_FRAMEWORK_HEADER = YES;
				CLANG_WARN_RANGE_LOOP_ANALYSIS = YES;
				CLANG_WARN_STRICT_PROTOTYPES = YES;
				CLANG_WARN_SUSPICIOUS_MOVE = YES;
				CLANG_WARN_UNGUARDED_AVAILABILITY = YES_AGGRESSIVE;
				CLANG_WARN_UNREACHABLE_CODE = YES;
				CLANG_WARN__DUPLICATE_METHOD_MATCH = YES;
				COPY_PHASE_STRIP = NO;
				DEBUG_INFORMATION_FORMAT = "dwarf-with-dsym";
				ENABLE_NS_ASSERTIONS = NO;
				ENABLE_STRICT_OBJC_MSGSEND = YES;
				GCC_C_LANGUAGE_STANDARD = gnu11;
				GCC_NO_COMMON_BLOCKS = YES;
				GCC_WARN_64_TO_32_BIT_CONVERSION = YES;
				GCC_WARN_ABOUT_RETURN_TYPE = YES_ERROR;
				GCC_WARN_UNDECLARED_SELECTOR = YES;
				GCC_WARN_UNINITIALIZED_AUTOS = YES_AGGRESSIVE;
				GCC_WARN_UNUSED_FUNCTION = YES;
				GCC_WARN_UNUSED_VARIABLE = YES;
				IPHONEOS_DEPLOYMENT_TARGET = 15.2;
				MTL_ENABLE_DEBUG_INFO = NO;
				MTL_FAST_MATH = YES;
				SDKROOT = iphoneos;
				SWIFT_COMPILATION_MODE = wholemodule;
				SWIFT_OPTIMIZATION_LEVEL = "-O";
				VALIDATE_PRODUCT = YES;
			};
			name = Release;
		};
		C17A4C85277AF02C007CBE66 /* Debug */ = {
			isa = XCBuildConfiguration;
			baseConfigurationReference = 4326062906FF41120095728A /* Pods-banmeshi.debug.xcconfig */;
			buildSettings = {
				ASSETCATALOG_COMPILER_APPICON_NAME = AppIcon;
				ASSETCATALOG_COMPILER_GLOBAL_ACCENT_COLOR_NAME = AccentColor;
				CODE_SIGN_IDENTITY = "Apple Development";
				CODE_SIGN_STYLE = Automatic;
				CURRENT_PROJECT_VERSION = 1;
				DEVELOPMENT_TEAM = 3YDR7T8879;
				GENERATE_INFOPLIST_FILE = YES;
				INFOPLIST_FILE = banmeshi/Info.plist;
				INFOPLIST_KEY_CFBundleDisplayName = "幸运晚餐";
				INFOPLIST_KEY_NSCameraUsageDescription = "请求获得相机权限";
				INFOPLIST_KEY_NSPhotoLibraryAddUsageDescription = "请求获得相撤权限";
				INFOPLIST_KEY_UIApplicationSupportsIndirectInputEvents = YES;
				INFOPLIST_KEY_UILaunchStoryboardName = LaunchScreen;
				INFOPLIST_KEY_UIMainStoryboardFile = Main;
				INFOPLIST_KEY_UISupportedInterfaceOrientations = UIInterfaceOrientationPortrait;
				INFOPLIST_KEY_UISupportedInterfaceOrientations_iPad = "UIInterfaceOrientationPortrait UIInterfaceOrientationPortraitUpsideDown UIInterfaceOrientationLandscapeLeft UIInterfaceOrientationLandscapeRight";
				INFOPLIST_KEY_UISupportedInterfaceOrientations_iPhone = UIInterfaceOrientationPortrait;
				LD_RUNPATH_SEARCH_PATHS = (
					"$(inherited)",
					"@executable_path/Frameworks",
				);
				MARKETING_VERSION = 0.0.1;
				PRODUCT_BUNDLE_IDENTIFIER = com.testproject.banmeshi;
				PRODUCT_NAME = "$(TARGET_NAME)";
				PROVISIONING_PROFILE_SPECIFIER = "";
				SWIFT_EMIT_LOC_STRINGS = YES;
				SWIFT_VERSION = 5.0;
				TARGETED_DEVICE_FAMILY = "1,2";
			};
			name = Debug;
		};
		C17A4C86277AF02C007CBE66 /* Release */ = {
			isa = XCBuildConfiguration;
			baseConfigurationReference = 3C76729A4523B26570CDC7CF /* Pods-banmeshi.release.xcconfig */;
			buildSettings = {
				ASSETCATALOG_COMPILER_APPICON_NAME = AppIcon;
				ASSETCATALOG_COMPILER_GLOBAL_ACCENT_COLOR_NAME = AccentColor;
				CODE_SIGN_STYLE = Automatic;
				CURRENT_PROJECT_VERSION = 1;
				DEVELOPMENT_TEAM = 3YDR7T8879;
				GENERATE_INFOPLIST_FILE = YES;
				INFOPLIST_FILE = banmeshi/Info.plist;
				INFOPLIST_KEY_CFBundleDisplayName = "幸运晚餐";
				INFOPLIST_KEY_NSCameraUsageDescription = "请求获得相机权限";
				INFOPLIST_KEY_NSPhotoLibraryAddUsageDescription = "请求获得相撤权限";
				INFOPLIST_KEY_UIApplicationSupportsIndirectInputEvents = YES;
				INFOPLIST_KEY_UILaunchStoryboardName = LaunchScreen;
				INFOPLIST_KEY_UIMainStoryboardFile = Main;
				INFOPLIST_KEY_UISupportedInterfaceOrientations = UIInterfaceOrientationPortrait;
				INFOPLIST_KEY_UISupportedInterfaceOrientations_iPad = "UIInterfaceOrientationPortrait UIInterfaceOrientationPortraitUpsideDown UIInterfaceOrientationLandscapeLeft UIInterfaceOrientationLandscapeRight";
				INFOPLIST_KEY_UISupportedInterfaceOrientations_iPhone = UIInterfaceOrientationPortrait;
				LD_RUNPATH_SEARCH_PATHS = (
					"$(inherited)",
					"@executable_path/Frameworks",
				);
				MARKETING_VERSION = 0.0.1;
				PRODUCT_BUNDLE_IDENTIFIER = com.testproject.banmeshi;
				PRODUCT_NAME = "$(TARGET_NAME)";
				SWIFT_EMIT_LOC_STRINGS = YES;
				SWIFT_VERSION = 5.0;
				TARGETED_DEVICE_FAMILY = "1,2";
			};
			name = Release;
		};
		C17A4C88277AF02C007CBE66 /* Debug */ = {
			isa = XCBuildConfiguration;
			baseConfigurationReference = AF21760BBB669F74F5A2AE8B /* Pods-banmeshiTests.debug.xcconfig */;
			buildSettings = {
				ALWAYS_EMBED_SWIFT_STANDARD_LIBRARIES = YES;
				BUNDLE_LOADER = "$(TEST_HOST)";
				CODE_SIGN_STYLE = Automatic;
				CURRENT_PROJECT_VERSION = 1;
				DEVELOPMENT_TEAM = 3YDR7T8879;
				GENERATE_INFOPLIST_FILE = YES;
				IPHONEOS_DEPLOYMENT_TARGET = 15.2;
				MARKETING_VERSION = 1.0;
				PRODUCT_BUNDLE_IDENTIFIER = testproject.banmeshiTests;
				PRODUCT_NAME = "$(TARGET_NAME)";
				SWIFT_EMIT_LOC_STRINGS = NO;
				SWIFT_VERSION = 5.0;
				TARGETED_DEVICE_FAMILY = "1,2";
				TEST_HOST = "$(BUILT_PRODUCTS_DIR)/banmeshi.app/banmeshi";
			};
			name = Debug;
		};
		C17A4C89277AF02C007CBE66 /* Release */ = {
			isa = XCBuildConfiguration;
			baseConfigurationReference = 3145039E7CA0055CCA50FBF0 /* Pods-banmeshiTests.release.xcconfig */;
			buildSettings = {
				ALWAYS_EMBED_SWIFT_STANDARD_LIBRARIES = YES;
				BUNDLE_LOADER = "$(TEST_HOST)";
				CODE_SIGN_STYLE = Automatic;
				CURRENT_PROJECT_VERSION = 1;
				DEVELOPMENT_TEAM = 3YDR7T8879;
				GENERATE_INFOPLIST_FILE = YES;
				IPHONEOS_DEPLOYMENT_TARGET = 15.2;
				MARKETING_VERSION = 1.0;
				PRODUCT_BUNDLE_IDENTIFIER = testproject.banmeshiTests;
				PRODUCT_NAME = "$(TARGET_NAME)";
				SWIFT_EMIT_LOC_STRINGS = NO;
				SWIFT_VERSION = 5.0;
				TARGETED_DEVICE_FAMILY = "1,2";
				TEST_HOST = "$(BUILT_PRODUCTS_DIR)/banmeshi.app/banmeshi";
			};
			name = Release;
		};
		C17A4C8B277AF02C007CBE66 /* Debug */ = {
			isa = XCBuildConfiguration;
			baseConfigurationReference = 2BEA10A15F325E5E4D682A31 /* Pods-banmeshi-banmeshiUITests.debug.xcconfig */;
			buildSettings = {
				ALWAYS_EMBED_SWIFT_STANDARD_LIBRARIES = YES;
				CODE_SIGN_STYLE = Automatic;
				CURRENT_PROJECT_VERSION = 1;
				DEVELOPMENT_TEAM = 3YDR7T8879;
				GENERATE_INFOPLIST_FILE = YES;
				MARKETING_VERSION = 1.0;
				PRODUCT_BUNDLE_IDENTIFIER = testproject.banmeshiUITests;
				PRODUCT_NAME = "$(TARGET_NAME)";
				SWIFT_EMIT_LOC_STRINGS = NO;
				SWIFT_VERSION = 5.0;
				TARGETED_DEVICE_FAMILY = "1,2";
				TEST_TARGET_NAME = banmeshi;
			};
			name = Debug;
		};
		C17A4C8C277AF02C007CBE66 /* Release */ = {
			isa = XCBuildConfiguration;
			baseConfigurationReference = 07A28D37A0B00DD70AAA48B1 /* Pods-banmeshi-banmeshiUITests.release.xcconfig */;
			buildSettings = {
				ALWAYS_EMBED_SWIFT_STANDARD_LIBRARIES = YES;
				CODE_SIGN_STYLE = Automatic;
				CURRENT_PROJECT_VERSION = 1;
				DEVELOPMENT_TEAM = 3YDR7T8879;
				GENERATE_INFOPLIST_FILE = YES;
				MARKETING_VERSION = 1.0;
				PRODUCT_BUNDLE_IDENTIFIER = testproject.banmeshiUITests;
				PRODUCT_NAME = "$(TARGET_NAME)";
				SWIFT_EMIT_LOC_STRINGS = NO;
				SWIFT_VERSION = 5.0;
				TARGETED_DEVICE_FAMILY = "1,2";
				TEST_TARGET_NAME = banmeshi;
			};
			name = Release;
		};
/* End XCBuildConfiguration section */

/* Begin XCConfigurationList section */
		C17A4C55277AF02A007CBE66 /* Build configuration list for PBXProject "banmeshi" */ = {
			isa = XCConfigurationList;
			buildConfigurations = (
				C17A4C82277AF02C007CBE66 /* Debug */,
				C17A4C83277AF02C007CBE66 /* Release */,
			);
			defaultConfigurationIsVisible = 0;
			defaultConfigurationName = Release;
		};
		C17A4C84277AF02C007CBE66 /* Build configuration list for PBXNativeTarget "banmeshi" */ = {
			isa = XCConfigurationList;
			buildConfigurations = (
				C17A4C85277AF02C007CBE66 /* Debug */,
				C17A4C86277AF02C007CBE66 /* Release */,
			);
			defaultConfigurationIsVisible = 0;
			defaultConfigurationName = Release;
		};
		C17A4C87277AF02C007CBE66 /* Build configuration list for PBXNativeTarget "banmeshiTests" */ = {
			isa = XCConfigurationList;
			buildConfigurations = (
				C17A4C88277AF02C007CBE66 /* Debug */,
				C17A4C89277AF02C007CBE66 /* Release */,
			);
			defaultConfigurationIsVisible = 0;
			defaultConfigurationName = Release;
		};
		C17A4C8A277AF02C007CBE66 /* Build configuration list for PBXNativeTarget "banmeshiUITests" */ = {
			isa = XCConfigurationList;
			buildConfigurations = (
				C17A4C8B277AF02C007CBE66 /* Debug */,
				C17A4C8C277AF02C007CBE66 /* Release */,
			);
			defaultConfigurationIsVisible = 0;
			defaultConfigurationName = Release;
		};
/* End XCConfigurationList section */
	};
	rootObject = C17A4C52277AF02A007CBE66 /* Project object */;
}
